// !$*UTF8*$!
{
	archiveVersion = 1;
	classes = {
	};
	objectVersion = 46;
	objects = {

/* Begin PBXBuildFile section */
		2642DEA41F2C0361005219AB /* AppDelegate.swift in Sources */ = {isa = PBXBuildFile; fileRef = 2642DEA31F2C0361005219AB /* AppDelegate.swift */; };
		2642DEA91F2C0361005219AB /* Main.storyboard in Resources */ = {isa = PBXBuildFile; fileRef = 2642DEA71F2C0361005219AB /* Main.storyboard */; };
		2642DEAB1F2C0361005219AB /* Assets.xcassets in Resources */ = {isa = PBXBuildFile; fileRef = 2642DEAA1F2C0361005219AB /* Assets.xcassets */; };
		2642DEAE1F2C0361005219AB /* LaunchScreen.storyboard in Resources */ = {isa = PBXBuildFile; fileRef = 2642DEAC1F2C0361005219AB /* LaunchScreen.storyboard */; };
		2642DEB91F2C0362005219AB /* FinalProjectTests.swift in Sources */ = {isa = PBXBuildFile; fileRef = 2642DEB81F2C0362005219AB /* FinalProjectTests.swift */; };
		2642DEC41F2C0362005219AB /* FinalProjectUITests.swift in Sources */ = {isa = PBXBuildFile; fileRef = 2642DEC31F2C0362005219AB /* FinalProjectUITests.swift */; };
		2642DED21F2C0608005219AB /* ToDoAppView.swift in Sources */ = {isa = PBXBuildFile; fileRef = 2642DED11F2C0608005219AB /* ToDoAppView.swift */; };
/* End PBXBuildFile section */

/* Begin PBXContainerItemProxy section */
		2642DEB51F2C0362005219AB /* PBXContainerItemProxy */ = {
			isa = PBXContainerItemProxy;
			containerPortal = 2642DE981F2C0361005219AB /* Project object */;
			proxyType = 1;
			remoteGlobalIDString = 2642DE9F1F2C0361005219AB;
			remoteInfo = FinalProject;
		};
		2642DEC01F2C0362005219AB /* PBXContainerItemProxy */ = {
			isa = PBXContainerItemProxy;
			containerPortal = 2642DE981F2C0361005219AB /* Project object */;
			proxyType = 1;
			remoteGlobalIDString = 2642DE9F1F2C0361005219AB;
			remoteInfo = FinalProject;
		};
/* End PBXContainerItemProxy section */

/* Begin PBXFileReference section */
		2642DEA01F2C0361005219AB /* FinalProject.app */ = {isa = PBXFileReference; explicitFileType = wrapper.application; includeInIndex = 0; path = FinalProject.app; sourceTree = BUILT_PRODUCTS_DIR; };
		2642DEA31F2C0361005219AB /* AppDelegate.swift */ = {isa = PBXFileReference; lastKnownFileType = sourcecode.swift; path = AppDelegate.swift; sourceTree = "<group>"; };
		2642DEA81F2C0361005219AB /* Base */ = {isa = PBXFileReference; lastKnownFileType = file.storyboard; name = Base; path = Base.lproj/Main.storyboard; sourceTree = "<group>"; };
		2642DEAA1F2C0361005219AB /* Assets.xcassets */ = {isa = PBXFileReference; lastKnownFileType = folder.assetcatalog; path = Assets.xcassets; sourceTree = "<group>"; };
		2642DEAD1F2C0361005219AB /* Base */ = {isa = PBXFileReference; lastKnownFileType = file.storyboard; name = Base; path = Base.lproj/LaunchScreen.storyboard; sourceTree = "<group>"; };
		2642DEAF1F2C0361005219AB /* Info.plist */ = {isa = PBXFileReference; lastKnownFileType = text.plist.xml; path = Info.plist; sourceTree = "<group>"; };
		2642DEB41F2C0362005219AB /* FinalProjectTests.xctest */ = {isa = PBXFileReference; explicitFileType = wrapper.cfbundle; includeInIndex = 0; path = FinalProjectTests.xctest; sourceTree = BUILT_PRODUCTS_DIR; };
		2642DEB81F2C0362005219AB /* FinalProjectTests.swift */ = {isa = PBXFileReference; lastKnownFileType = sourcecode.swift; path = FinalProjectTests.swift; sourceTree = "<group>"; };
		2642DEBA1F2C0362005219AB /* Info.plist */ = {isa = PBXFileReference; lastKnownFileType = text.plist.xml; path = Info.plist; sourceTree = "<group>"; };
		2642DEBF1F2C0362005219AB /* FinalProjectUITests.xctest */ = {isa = PBXFileReference; explicitFileType = wrapper.cfbundle; includeInIndex = 0; path = FinalProjectUITests.xctest; sourceTree = BUILT_PRODUCTS_DIR; };
		2642DEC31F2C0362005219AB /* FinalProjectUITests.swift */ = {isa = PBXFileReference; lastKnownFileType = sourcecode.swift; path = FinalProjectUITests.swift; sourceTree = "<group>"; };
		2642DEC51F2C0362005219AB /* Info.plist */ = {isa = PBXFileReference; lastKnownFileType = text.plist.xml; path = Info.plist; sourceTree = "<group>"; };
		2642DED11F2C0608005219AB /* ToDoAppView.swift */ = {isa = PBXFileReference; fileEncoding = 4; lastKnownFileType = sourcecode.swift; path = ToDoAppView.swift; sourceTree = "<group>"; };
/* End PBXFileReference section */

/* Begin PBXFrameworksBuildPhase section */
		2642DE9D1F2C0361005219AB /* Frameworks */ = {
			isa = PBXFrameworksBuildPhase;
			buildActionMask = 2147483647;
			files = (
			);
			runOnlyForDeploymentPostprocessing = 0;
		};
		2642DEB11F2C0362005219AB /* Frameworks */ = {
			isa = PBXFrameworksBuildPhase;
			buildActionMask = 2147483647;
			files = (
			);
			runOnlyForDeploymentPostprocessing = 0;
		};
		2642DEBC1F2C0362005219AB /* Frameworks */ = {
			isa = PBXFrameworksBuildPhase;
			buildActionMask = 2147483647;
			files = (
			);
			runOnlyForDeploymentPostprocessing = 0;
		};
/* End PBXFrameworksBuildPhase section */

/* Begin PBXGroup section */
		2642DE971F2C0361005219AB = {
			isa = PBXGroup;
			children = (
				2642DEA21F2C0361005219AB /* FinalProject */,
				2642DEB71F2C0362005219AB /* FinalProjectTests */,
				2642DEC21F2C0362005219AB /* FinalProjectUITests */,
				2642DEA11F2C0361005219AB /* Products */,
			);
			sourceTree = "<group>";
		};
		2642DEA11F2C0361005219AB /* Products */ = {
			isa = PBXGroup;
			children = (
				2642DEA01F2C0361005219AB /* FinalProject.app */,
				2642DEB41F2C0362005219AB /* FinalProjectTests.xctest */,
				2642DEBF1F2C0362005219AB /* FinalProjectUITests.xctest */,
			);
			name = Products;
			sourceTree = "<group>";
		};
		2642DEA21F2C0361005219AB /* FinalProject */ = {
			isa = PBXGroup;
			children = (
				2642DEA31F2C0361005219AB /* AppDelegate.swift */,
				2642DEA71F2C0361005219AB /* Main.storyboard */,
				2642DEAA1F2C0361005219AB /* Assets.xcassets */,
				2642DEAC1F2C0361005219AB /* LaunchScreen.storyboard */,
				2642DEAF1F2C0361005219AB /* Info.plist */,
				2642DED11F2C0608005219AB /* ToDoAppView.swift */,
			);
			path = FinalProject;
			sourceTree = "<group>";
		};
		2642DEB71F2C0362005219AB /* FinalProjectTests */ = {
			isa = PBXGroup;
			children = (
				2642DEB81F2C0362005219AB /* FinalProjectTests.swift */,
				2642DEBA1F2C0362005219AB /* Info.plist */,
			);
			path = FinalProjectTests;
			sourceTree = "<group>";
		};
		2642DEC21F2C0362005219AB /* FinalProjectUITests */ = {
			isa = PBXGroup;
			children = (
				2642DEC31F2C0362005219AB /* FinalProjectUITests.swift */,
				2642DEC51F2C0362005219AB /* Info.plist */,
			);
			path = FinalProjectUITests;
			sourceTree = "<group>";
		};
/* End PBXGroup section */

/* Begin PBXNativeTarget section */
		2642DE9F1F2C0361005219AB /* FinalProject */ = {
			isa = PBXNativeTarget;
			buildConfigurationList = 2642DEC81F2C0362005219AB /* Build configuration list for PBXNativeTarget "FinalProject" */;
			buildPhases = (
				2642DE9C1F2C0361005219AB /* Sources */,
				2642DE9D1F2C0361005219AB /* Frameworks */,
				2642DE9E1F2C0361005219AB /* Resources */,
			);
			buildRules = (
			);
			dependencies = (
			);
			name = FinalProject;
			productName = FinalProject;
			productReference = 2642DEA01F2C0361005219AB /* FinalProject.app */;
			productType = "com.apple.product-type.application";
		};
		2642DEB31F2C0362005219AB /* FinalProjectTests */ = {
			isa = PBXNativeTarget;
			buildConfigurationList = 2642DECB1F2C0362005219AB /* Build configuration list for PBXNativeTarget "FinalProjectTests" */;
			buildPhases = (
				2642DEB01F2C0362005219AB /* Sources */,
				2642DEB11F2C0362005219AB /* Frameworks */,
				2642DEB21F2C0362005219AB /* Resources */,
			);
			buildRules = (
			);
			dependencies = (
				2642DEB61F2C0362005219AB /* PBXTargetDependency */,
			);
			name = FinalProjectTests;
			productName = FinalProjectTests;
			productReference = 2642DEB41F2C0362005219AB /* FinalProjectTests.xctest */;
			productType = "com.apple.product-type.bundle.unit-test";
		};
		2642DEBE1F2C0362005219AB /* FinalProjectUITests */ = {
			isa = PBXNativeTarget;
			buildConfigurationList = 2642DECE1F2C0362005219AB /* Build configuration list for PBXNativeTarget "FinalProjectUITests" */;
			buildPhases = (
				2642DEBB1F2C0362005219AB /* Sources */,
				2642DEBC1F2C0362005219AB /* Frameworks */,
				2642DEBD1F2C0362005219AB /* Resources */,
			);
			buildRules = (
			);
			dependencies = (
				2642DEC11F2C0362005219AB /* PBXTargetDependency */,
			);
			name = FinalProjectUITests;
			productName = FinalProjectUITests;
			productReference = 2642DEBF1F2C0362005219AB /* FinalProjectUITests.xctest */;
			productType = "com.apple.product-type.bundle.ui-testing";
		};
/* End PBXNativeTarget section */

/* Begin PBXProject section */
		2642DE981F2C0361005219AB /* Project object */ = {
			isa = PBXProject;
			attributes = {
				LastSwiftUpdateCheck = 0830;
				LastUpgradeCheck = 0830;
				ORGANIZATIONNAME = "Cole Hayden";
				TargetAttributes = {
					2642DE9F1F2C0361005219AB = {
						CreatedOnToolsVersion = 8.3.3;
						ProvisioningStyle = Automatic;
					};
					2642DEB31F2C0362005219AB = {
						CreatedOnToolsVersion = 8.3.3;
						ProvisioningStyle = Automatic;
						TestTargetID = 2642DE9F1F2C0361005219AB;
					};
					2642DEBE1F2C0362005219AB = {
						CreatedOnToolsVersion = 8.3.3;
						ProvisioningStyle = Automatic;
						TestTargetID = 2642DE9F1F2C0361005219AB;
					};
				};
			};
			buildConfigurationList = 2642DE9B1F2C0361005219AB /* Build configuration list for PBXProject "FinalProject" */;
			compatibilityVersion = "Xcode 3.2";
			developmentRegion = English;
			hasScannedForEncodings = 0;
			knownRegions = (
				en,
				Base,
			);
			mainGroup = 2642DE971F2C0361005219AB;
			productRefGroup = 2642DEA11F2C0361005219AB /* Products */;
			projectDirPath = "";
			projectRoot = "";
			targets = (
				2642DE9F1F2C0361005219AB /* FinalProject */,
				2642DEB31F2C0362005219AB /* FinalProjectTests */,
				2642DEBE1F2C0362005219AB /* FinalProjectUITests */,
			);
		};
/* End PBXProject section */

/* Begin PBXResourcesBuildPhase section */
		2642DE9E1F2C0361005219AB /* Resources */ = {
			isa = PBXResourcesBuildPhase;
			buildActionMask = 2147483647;
			files = (
				2642DEAE1F2C0361005219AB /* LaunchScreen.storyboard in Resources */,
				2642DEAB1F2C0361005219AB /* Assets.xcassets in Resources */,
				2642DEA91F2C0361005219AB /* Main.storyboard in Resources */,
			);
			runOnlyForDeploymentPostprocessing = 0;
		};
		2642DEB21F2C0362005219AB /* Resources */ = {
			isa = PBXResourcesBuildPhase;
			buildActionMask = 2147483647;
			files = (
			);
			runOnlyForDeploymentPostprocessing = 0;
		};
		2642DEBD1F2C0362005219AB /* Resources */ = {
			isa = PBXResourcesBuildPhase;
			buildActionMask = 2147483647;
			files = (
			);
			runOnlyForDeploymentPostprocessing = 0;
		};
/* End PBXResourcesBuildPhase section */

/* Begin PBXSourcesBuildPhase section */
		2642DE9C1F2C0361005219AB /* Sources */ = {
			isa = PBXSourcesBuildPhase;
			buildActionMask = 2147483647;
			files = (
				2642DED21F2C0608005219AB /* ToDoAppView.swift in Sources */,
				2642DEA41F2C0361005219AB /* AppDelegate.swift in Sources */,
			);
			runOnlyForDeploymentPostprocessing = 0;
		};
		2642DEB01F2C0362005219AB /* Sources */ = {
			isa = PBXSourcesBuildPhase;
			buildActionMask = 2147483647;
			files = (
				2642DEB91F2C0362005219AB /* FinalProjectTests.swift in Sources */,
			);
			runOnlyForDeploymentPostprocessing = 0;
		};
		2642DEBB1F2C0362005219AB /* Sources */ = {
			isa = PBXSourcesBuildPhase;
			buildActionMask = 2147483647;
			files = (
				2642DEC41F2C0362005219AB /* FinalProjectUITests.swift in Sources */,
			);
			runOnlyForDeploymentPostprocessing = 0;
		};
/* End PBXSourcesBuildPhase section */

/* Begin PBXTargetDependency section */
		2642DEB61F2C0362005219AB /* PBXTargetDependency */ = {
			isa = PBXTargetDependency;
			target = 2642DE9F1F2C0361005219AB /* FinalProject */;
			targetProxy = 2642DEB51F2C0362005219AB /* PBXContainerItemProxy */;
		};
		2642DEC11F2C0362005219AB /* PBXTargetDependency */ = {
			isa = PBXTargetDependency;
			target = 2642DE9F1F2C0361005219AB /* FinalProject */;
			targetProxy = 2642DEC01F2C0362005219AB /* PBXContainerItemProxy */;
		};
/* End PBXTargetDependency section */

/* Begin PBXVariantGroup section */
		2642DEA71F2C0361005219AB /* Main.storyboard */ = {
			isa = PBXVariantGroup;
			children = (
				2642DEA81F2C0361005219AB /* Base */,
			);
			name = Main.storyboard;
			sourceTree = "<group>";
		};
		2642DEAC1F2C0361005219AB /* LaunchScreen.storyboard */ = {
			isa = PBXVariantGroup;
			children = (
				2642DEAD1F2C0361005219AB /* Base */,
			);
			name = LaunchScreen.storyboard;
			sourceTree = "<group>";
		};
/* End PBXVariantGroup section */

/* Begin XCBuildConfiguration section */
		2642DEC61F2C0362005219AB /* Debug */ = {
			isa = XCBuildConfiguration;
			buildSettings = {
				ALWAYS_SEARCH_USER_PATHS = NO;
				CLANG_ANALYZER_NONNULL = YES;
				CLANG_ANALYZER_NUMBER_OBJECT_CONVERSION = YES_AGGRESSIVE;
				CLANG_CXX_LANGUAGE_STANDARD = "gnu++0x";
				CLANG_CXX_LIBRARY = "libc++";
				CLANG_ENABLE_MODULES = YES;
				CLANG_ENABLE_OBJC_ARC = YES;
				CLANG_WARN_BOOL_CONVERSION = YES;
				CLANG_WARN_CONSTANT_CONVERSION = YES;
				CLANG_WARN_DIRECT_OBJC_ISA_USAGE = YES_ERROR;
				CLANG_WARN_DOCUMENTATION_COMMENTS = YES;
				CLANG_WARN_EMPTY_BODY = YES;
				CLANG_WARN_ENUM_CONVERSION = YES;
				CLANG_WARN_INFINITE_RECURSION = YES;
				CLANG_WARN_INT_CONVERSION = YES;
				CLANG_WARN_OBJC_ROOT_CLASS = YES_ERROR;
				CLANG_WARN_SUSPICIOUS_MOVE = YES;
				CLANG_WARN_UNREACHABLE_CODE = YES;
				CLANG_WARN__DUPLICATE_METHOD_MATCH = YES;
				"CODE_SIGN_IDENTITY[sdk=iphoneos*]" = "iPhone Developer";
				COPY_PHASE_STRIP = NO;
				DEBUG_INFORMATION_FORMAT = dwarf;
				ENABLE_STRICT_OBJC_MSGSEND = YES;
				ENABLE_TESTABILITY = YES;
				GCC_C_LANGUAGE_STANDARD = gnu99;
				GCC_DYNAMIC_NO_PIC = NO;
				GCC_NO_COMMON_BLOCKS = YES;
				GCC_OPTIMIZATION_LEVEL = 0;
				GCC_PREPROCESSOR_DEFINITIONS = (
					"DEBUG=1",
					"$(inherited)",
				);
				GCC_WARN_64_TO_32_BIT_CONVERSION = YES;
				GCC_WARN_ABOUT_RETURN_TYPE = YES_ERROR;
				GCC_WARN_UNDECLARED_SELECTOR = YES;
				GCC_WARN_UNINITIALIZED_AUTOS = YES_AGGRESSIVE;
				GCC_WARN_UNUSED_FUNCTION = YES;
				GCC_WARN_UNUSED_VARIABLE = YES;
				IPHONEOS_DEPLOYMENT_TARGET = 10.3;
				MTL_ENABLE_DEBUG_INFO = YES;
				ONLY_ACTIVE_ARCH = YES;
				SDKROOT = iphoneos;
				SWIFT_ACTIVE_COMPILATION_CONDITIONS = DEBUG;
				SWIFT_OPTIMIZATION_LEVEL = "-Onone";
				TARGETED_DEVICE_FAMILY = "1,2";
			};
			name = Debug;
		};
		2642DEC71F2C0362005219AB /* Release */ = {
			isa = XCBuildConfiguration;
			buildSettings = {
				ALWAYS_SEARCH_USER_PATHS = NO;
				CLANG_ANALYZER_NONNULL = YES;
				CLANG_ANALYZER_NUMBER_OBJECT_CONVERSION = YES_AGGRESSIVE;
				CLANG_CXX_LANGUAGE_STANDARD = "gnu++0x";
				CLANG_CXX_LIBRARY = "libc++";
				CLANG_ENABLE_MODULES = YES;
				CLANG_ENABLE_OBJC_ARC = YES;
				CLANG_WARN_BOOL_CONVERSION = YES;
				CLANG_WARN_CONSTANT_CONVERSION = YES;
				CLANG_WARN_DIRECT_OBJC_ISA_USAGE = YES_ERROR;
				CLANG_WARN_DOCUMENTATION_COMMENTS = YES;
				CLANG_WARN_EMPTY_BODY = YES;
				CLANG_WARN_ENUM_CONVERSION = YES;
				CLANG_WARN_INFINITE_RECURSION = YES;
				CLANG_WARN_INT_CONVERSION = YES;
				CLANG_WARN_OBJC_ROOT_CLASS = YES_ERROR;
				CLANG_WARN_SUSPICIOUS_MOVE = YES;
				CLANG_WARN_UNREACHABLE_CODE = YES;
				CLANG_WARN__DUPLICATE_METHOD_MATCH = YES;
				"CODE_SIGN_IDENTITY[sdk=iphoneos*]" = "iPhone Developer";
				COPY_PHASE_STRIP = NO;
				DEBUG_INFORMATION_FORMAT = "dwarf-with-dsym";
				ENABLE_NS_ASSERTIONS = NO;
				ENABLE_STRICT_OBJC_MSGSEND = YES;
				GCC_C_LANGUAGE_STANDARD = gnu99;
				GCC_NO_COMMON_BLOCKS = YES;
				GCC_WARN_64_TO_32_BIT_CONVERSION = YES;
				GCC_WARN_ABOUT_RETURN_TYPE = YES_ERROR;
				GCC_WARN_UNDECLARED_SELECTOR = YES;
				GCC_WARN_UNINITIALIZED_AUTOS = YES_AGGRESSIVE;
				GCC_WARN_UNUSED_FUNCTION = YES;
				GCC_WARN_UNUSED_VARIABLE = YES;
				IPHONEOS_DEPLOYMENT_TARGET = 10.3;
				MTL_ENABLE_DEBUG_INFO = NO;
				SDKROOT = iphoneos;
				SWIFT_OPTIMIZATION_LEVEL = "-Owholemodule";
				TARGETED_DEVICE_FAMILY = "1,2";
				VALIDATE_PRODUCT = YES;
			};
			name = Release;
		};
		2642DEC91F2C0362005219AB /* Debug */ = {
			isa = XCBuildConfiguration;
			buildSettings = {
				ASSETCATALOG_COMPILER_APPICON_NAME = AppIcon;
				INFOPLIST_FILE = FinalProject/Info.plist;
				LD_RUNPATH_SEARCH_PATHS = "$(inherited) @executable_path/Frameworks";
				PRODUCT_BUNDLE_IDENTIFIER = macOS.FinalProject;
				PRODUCT_NAME = "$(TARGET_NAME)";
				SWIFT_VERSION = 3.0;
			};
			name = Debug;
		};
		2642DECA1F2C0362005219AB /* Release */ = {
			isa = XCBuildConfiguration;
			buildSettings = {
				ASSETCATALOG_COMPILER_APPICON_NAME = AppIcon;
				INFOPLIST_FILE = FinalProject/Info.plist;
				LD_RUNPATH_SEARCH_PATHS = "$(inherited) @executable_path/Frameworks";
				PRODUCT_BUNDLE_IDENTIFIER = macOS.FinalProject;
				PRODUCT_NAME = "$(TARGET_NAME)";
				SWIFT_VERSION = 3.0;
			};
			name = Release;
		};
		2642DECC1F2C0362005219AB /* Debug */ = {
			isa = XCBuildConfiguration;
			buildSettings = {
				ALWAYS_EMBED_SWIFT_STANDARD_LIBRARIES = YES;
				BUNDLE_LOADER = "$(TEST_HOST)";
				INFOPLIST_FILE = FinalProjectTests/Info.plist;
				LD_RUNPATH_SEARCH_PATHS = "$(inherited) @executable_path/Frameworks @loader_path/Frameworks";
				PRODUCT_BUNDLE_IDENTIFIER = macOS.FinalProjectTests;
				PRODUCT_NAME = "$(TARGET_NAME)";
				SWIFT_VERSION = 3.0;
				TEST_HOST = "$(BUILT_PRODUCTS_DIR)/FinalProject.app/FinalProject";
			};
			name = Debug;
		};
		2642DECD1F2C0362005219AB /* Release */ = {
			isa = XCBuildConfiguration;
			buildSettings = {
				ALWAYS_EMBED_SWIFT_STANDARD_LIBRARIES = YES;
				BUNDLE_LOADER = "$(TEST_HOST)";
				INFOPLIST_FILE = FinalProjectTests/Info.plist;
				LD_RUNPATH_SEARCH_PATHS = "$(inherited) @executable_path/Frameworks @loader_path/Frameworks";
				PRODUCT_BUNDLE_IDENTIFIER = macOS.FinalProjectTests;
				PRODUCT_NAME = "$(TARGET_NAME)";
				SWIFT_VERSION = 3.0;
				TEST_HOST = "$(BUILT_PRODUCTS_DIR)/FinalProject.app/FinalProject";
			};
			name = Release;
		};
		2642DECF1F2C0362005219AB /* Debug */ = {
			isa = XCBuildConfiguration;
			buildSettings = {
				ALWAYS_EMBED_SWIFT_STANDARD_LIBRARIES = YES;
				INFOPLIST_FILE = FinalProjectUITests/Info.plist;
				LD_RUNPATH_SEARCH_PATHS = "$(inherited) @executable_path/Frameworks @loader_path/Frameworks";
				PRODUCT_BUNDLE_IDENTIFIER = macOS.FinalProjectUITests;
				PRODUCT_NAME = "$(TARGET_NAME)";
				SWIFT_VERSION = 3.0;
				TEST_TARGET_NAME = FinalProject;
			};
			name = Debug;
		};
		2642DED01F2C0362005219AB /* Release */ = {
			isa = XCBuildConfiguration;
			buildSettings = {
				ALWAYS_EMBED_SWIFT_STANDARD_LIBRARIES = YES;
				INFOPLIST_FILE = FinalProjectUITests/Info.plist;
				LD_RUNPATH_SEARCH_PATHS = "$(inherited) @executable_path/Frameworks @loader_path/Frameworks";
				PRODUCT_BUNDLE_IDENTIFIER = macOS.FinalProjectUITests;
				PRODUCT_NAME = "$(TARGET_NAME)";
				SWIFT_VERSION = 3.0;
				TEST_TARGET_NAME = FinalProject;
			};
			name = Release;
		};
/* End XCBuildConfiguration section */

/* Begin XCConfigurationList section */
		2642DE9B1F2C0361005219AB /* Build configuration list for PBXProject "FinalProject" */ = {
			isa = XCConfigurationList;
			buildConfigurations = (
				2642DEC61F2C0362005219AB /* Debug */,
				2642DEC71F2C0362005219AB /* Release */,
			);
			defaultConfigurationIsVisible = 0;
			defaultConfigurationName = Release;
		};
		2642DEC81F2C0362005219AB /* Build configuration list for PBXNativeTarget "FinalProject" */ = {
			isa = XCConfigurationList;
			buildConfigurations = (
				2642DEC91F2C0362005219AB /* Debug */,
				2642DECA1F2C0362005219AB /* Release */,
			);
			defaultConfigurationIsVisible = 0;
		};
		2642DECB1F2C0362005219AB /* Build configuration list for PBXNativeTarget "FinalProjectTests" */ = {
			isa = XCConfigurationList;
			buildConfigurations = (
				2642DECC1F2C0362005219AB /* Debug */,
				2642DECD1F2C0362005219AB /* Release */,
			);
			defaultConfigurationIsVisible = 0;
		};
		2642DECE1F2C0362005219AB /* Build configuration list for PBXNativeTarget "FinalProjectUITests" */ = {
			isa = XCConfigurationList;
			buildConfigurations = (
				2642DECF1F2C0362005219AB /* Debug */,
				2642DED01F2C0362005219AB /* Release */,
			);
			defaultConfigurationIsVisible = 0;
		};
/* End XCConfigurationList section */
	};
	rootObject = 2642DE981F2C0361005219AB /* Project object */;
}
